
Microsoft Visual Studio Solution File, Format Version 12.00
# Visual Studio 15
VisualStudioVersion = 15.0.28307.757
MinimumVisualStudioVersion = 10.0.40219.1
Project("{888888A0-9F3D-457C-B088-3A5042F75D52}") = "RandomBox", "RandomBox\RandomBox.pyproj", "{4736932B-8AA5-4BFD-AC69-A2091667FCDF}"
EndProject
Global
	GlobalSection(SolutionConfigurationPlatforms) = preSolution
		Debug|Any CPU = Debug|Any CPU
		Release|Any CPU = Release|Any CPU
	EndGlobalSection
	GlobalSection(ProjectConfigurationPlatforms) = postSolution
		{4736932B-8AA5-4BFD-AC69-A2091667FCDF}.Debug|Any CPU.ActiveCfg = Debug|Any CPU
		{4736932B-8AA5-4BFD-AC69-A2091667FCDF}.Release|Any CPU.ActiveCfg = Release|Any CPU
	EndGlobalSection
	GlobalSection(SolutionProperties) = preSolution
		HideSolutionNode = FALSE
	EndGlobalSection
	GlobalSection(ExtensibilityGlobals) = postSolution
		SolutionGuid = {7FD6FBCF-154A-4829-937B-301A95709961}
	EndGlobalSection
EndGlobal
